
Microsoft Visual Studio Solution File, Format Version 12.00
# Visual Studio Version 16
VisualStudioVersion = 16.0.30611.23
MinimumVisualStudioVersion = 10.0.40219.1
Project("{FAE04EC0-301F-11D3-BF4B-00C04F79EFBC}") = "BooksMarket", "BooksMarket.csproj", "{EE509FB4-D594-4A47-BECF-48DA0A4F43DF}"
EndProject
Global
	GlobalSection(SolutionConfigurationPlatforms) = preSolution
		Debug|Any CPU = Debug|Any CPU
		Release|Any CPU = Release|Any CPU
	EndGlobalSection
	GlobalSection(ProjectConfigurationPlatforms) = postSolution
		{EE509FB4-D594-4A47-BECF-48DA0A4F43DF}.Debug|Any CPU.ActiveCfg = Debug|Any CPU
		{EE509FB4-D594-4A47-BECF-48DA0A4F43DF}.Debug|Any CPU.Build.0 = Debug|Any CPU
		{EE509FB4-D594-4A47-BECF-48DA0A4F43DF}.Release|Any CPU.ActiveCfg = Release|Any CPU
		{EE509FB4-D594-4A47-BECF-48DA0A4F43DF}.Release|Any CPU.Build.0 = Release|Any CPU
	EndGlobalSection
	GlobalSection(SolutionProperties) = preSolution
		HideSolutionNode = FALSE
	EndGlobalSection
	GlobalSection(ExtensibilityGlobals) = postSolution
		SolutionGuid = {6B26B8C2-C1CA-4CE9-90DD-5647267333D8}
	EndGlobalSection
EndGlobal
